
Microsoft Visual Studio Solution File, Format Version 12.00
# Visual Studio Version 17
VisualStudioVersion = 17.10.35122.118
MinimumVisualStudioVersion = 10.0.40219.1
Project("{FAE04EC0-301F-11D3-BF4B-00C04F79EFBC}") = "To-Do List", "To-Do List.csproj", "{CEC483DE-5060-4923-A66E-65E40025BB4B}"
EndProject
Global
	GlobalSection(SolutionConfigurationPlatforms) = preSolution
		Debug|Any CPU = Debug|Any CPU
		Release|Any CPU = Release|Any CPU
	EndGlobalSection
	GlobalSection(ProjectConfigurationPlatforms) = postSolution
		{CEC483DE-5060-4923-A66E-65E40025BB4B}.Debug|Any CPU.ActiveCfg = Debug|Any CPU
		{CEC483DE-5060-4923-A66E-65E40025BB4B}.Debug|Any CPU.Build.0 = Debug|Any CPU
		{CEC483DE-5060-4923-A66E-65E40025BB4B}.Release|Any CPU.ActiveCfg = Release|Any CPU
		{CEC483DE-5060-4923-A66E-65E40025BB4B}.Release|Any CPU.Build.0 = Release|Any CPU
	EndGlobalSection
	GlobalSection(SolutionProperties) = preSolution
		HideSolutionNode = FALSE
	EndGlobalSection
	GlobalSection(ExtensibilityGlobals) = postSolution
		SolutionGuid = {1B8AA112-3559-4E41-8D2D-CB632D0031CD}
	EndGlobalSection
EndGlobal
